
Microsoft Visual Studio Solution File, Format Version 12.00
# Visual Studio Version 17
VisualStudioVersion = 17.1.32421.90
MinimumVisualStudioVersion = 10.0.40219.1
Project("{FAE04EC0-301F-11D3-BF4B-00C04F79EFBC}") = "DesignPatterns", "DesignPatterns\DesignPatterns.csproj", "{1ED23CA0-8B1B-4156-92AD-3F044D3A778C}"
EndProject
Project("{FAE04EC0-301F-11D3-BF4B-00C04F79EFBC}") = "Tools", "Tools\Tools.csproj", "{13976895-2E03-4C74-9C0B-23C788BEB316}"
EndProject
Global
	GlobalSection(SolutionConfigurationPlatforms) = preSolution
		Debug|Any CPU = Debug|Any CPU
		Release|Any CPU = Release|Any CPU
	EndGlobalSection
	GlobalSection(ProjectConfigurationPlatforms) = postSolution
		{1ED23CA0-8B1B-4156-92AD-3F044D3A778C}.Debug|Any CPU.ActiveCfg = Debug|Any CPU
		{1ED23CA0-8B1B-4156-92AD-3F044D3A778C}.Debug|Any CPU.Build.0 = Debug|Any CPU
		{1ED23CA0-8B1B-4156-92AD-3F044D3A778C}.Release|Any CPU.ActiveCfg = Release|Any CPU
		{1ED23CA0-8B1B-4156-92AD-3F044D3A778C}.Release|Any CPU.Build.0 = Release|Any CPU
		{13976895-2E03-4C74-9C0B-23C788BEB316}.Debug|Any CPU.ActiveCfg = Debug|Any CPU
		{13976895-2E03-4C74-9C0B-23C788BEB316}.Debug|Any CPU.Build.0 = Debug|Any CPU
		{13976895-2E03-4C74-9C0B-23C788BEB316}.Release|Any CPU.ActiveCfg = Release|Any CPU
		{13976895-2E03-4C74-9C0B-23C788BEB316}.Release|Any CPU.Build.0 = Release|Any CPU
	EndGlobalSection
	GlobalSection(SolutionProperties) = preSolution
		HideSolutionNode = FALSE
	EndGlobalSection
	GlobalSection(ExtensibilityGlobals) = postSolution
		SolutionGuid = {F65ADA1E-DE30-483A-86DA-22B38F07F323}
	EndGlobalSection
EndGlobal
